// !$*UTF8*$!
{
	archiveVersion = 1;
	classes = {
	};
	objectVersion = 50;
	objects = {

/* Begin PBXBuildFile section */
		F53F01D6258718670085D67B /* RtcEngineEvent.swift in Sources */ = {isa = PBXBuildFile; fileRef = F53F01CC258718670085D67B /* RtcEngineEvent.swift */; };
		F53F01D7258718670085D67B /* RtcSurfaceView.swift in Sources */ = {isa = PBXBuildFile; fileRef = F53F01CD258718670085D67B /* RtcSurfaceView.swift */; };
		F53F01D8258718670085D67B /* MediaObserver.swift in Sources */ = {isa = PBXBuildFile; fileRef = F53F01CE258718670085D67B /* MediaObserver.swift */; };
		F53F01D9258718670085D67B /* Extensions.swift in Sources */ = {isa = PBXBuildFile; fileRef = F53F01CF258718670085D67B /* Extensions.swift */; };
		F53F01DA258718670085D67B /* RtcEngine.swift in Sources */ = {isa = PBXBuildFile; fileRef = F53F01D0258718670085D67B /* RtcEngine.swift */; };
		F53F01DB258718670085D67B /* BeanCovertor.swift in Sources */ = {isa = PBXBuildFile; fileRef = F53F01D1258718670085D67B /* BeanCovertor.swift */; };
		F53F01DC258718670085D67B /* RtcChannel.swift in Sources */ = {isa = PBXBuildFile; fileRef = F53F01D2258718670085D67B /* RtcChannel.swift */; };
		F53F01DE258718670085D67B /* Callback.swift in Sources */ = {isa = PBXBuildFile; fileRef = F53F01D4258718670085D67B /* Callback.swift */; };
		F53F01DF258718670085D67B /* RtcChannelEvent.swift in Sources */ = {isa = PBXBuildFile; fileRef = F53F01D5258718670085D67B /* RtcChannelEvent.swift */; };
		F53F024F2587398E0085D67B /* AgoraRtcEngineModule.h in Headers */ = {isa = PBXBuildFile; fileRef = F53F024E2587398E0085D67B /* AgoraRtcEngineModule.h */; };
		F53F025125873A1E0085D67B /* AgoraRtcEngineModule.m in Sources */ = {isa = PBXBuildFile; fileRef = F53F025025873A1E0085D67B /* AgoraRtcEngineModule.m */; };
		F53F025325873B190085D67B /* AgoraRtcEngineModule.swift in Sources */ = {isa = PBXBuildFile; fileRef = F53F025225873B190085D67B /* AgoraRtcEngineModule.swift */; };
		F53F0255258741C70085D67B /* UniCallback.swift in Sources */ = {isa = PBXBuildFile; fileRef = F53F0254258741C70085D67B /* UniCallback.swift */; };
		F53F026425878A5C0085D67B /* AgoraRtcEngineKit.h in Headers */ = {isa = PBXBuildFile; fileRef = F53F026325878A5C0085D67B /* AgoraRtcEngineKit.h */; };
		F53F026B25879ACA0085D67B /* AgoraRtcChannelModule.h in Headers */ = {isa = PBXBuildFile; fileRef = F53F026925879ACA0085D67B /* AgoraRtcChannelModule.h */; };
		F53F026C25879ACA0085D67B /* AgoraRtcChannelModule.m in Sources */ = {isa = PBXBuildFile; fileRef = F53F026A25879ACA0085D67B /* AgoraRtcChannelModule.m */; };
		F53F026E25879B140085D67B /* AgoraRtcChannelModule.swift in Sources */ = {isa = PBXBuildFile; fileRef = F53F026D25879B140085D67B /* AgoraRtcChannelModule.swift */; };
		F53F02702587B2B80085D67B /* AgoraRtcSurfaceView.swift in Sources */ = {isa = PBXBuildFile; fileRef = F53F026F2587B2B70085D67B /* AgoraRtcSurfaceView.swift */; };
		F5A40D45282D62F000052DB8 /* RtcEnginePlugin.h in Headers */ = {isa = PBXBuildFile; fileRef = F5A40D42282D62F000052DB8 /* RtcEnginePlugin.h */; };
		F5A40D46282D62F000052DB8 /* RtcEnginePluginRegistrant.swift in Sources */ = {isa = PBXBuildFile; fileRef = F5A40D43282D62F000052DB8 /* RtcEnginePluginRegistrant.swift */; };
		F5A40D47282D62F000052DB8 /* RtcEngineRegistry.swift in Sources */ = {isa = PBXBuildFile; fileRef = F5A40D44282D62F000052DB8 /* RtcEngineRegistry.swift */; };
/* End PBXBuildFile section */

/* Begin PBXFileReference section */
		F53F018E258716C60085D67B /* AgoraRtcUniPlugin.framework */ = {isa = PBXFileReference; explicitFileType = wrapper.framework; includeInIndex = 0; path = AgoraRtcUniPlugin.framework; sourceTree = BUILT_PRODUCTS_DIR; };
		F53F0192258716C60085D67B /* Info.plist */ = {isa = PBXFileReference; lastKnownFileType = text.plist.xml; path = Info.plist; sourceTree = "<group>"; };
		F53F01CC258718670085D67B /* RtcEngineEvent.swift */ = {isa = PBXFileReference; fileEncoding = 4; lastKnownFileType = sourcecode.swift; path = RtcEngineEvent.swift; sourceTree = "<group>"; };
		F53F01CD258718670085D67B /* RtcSurfaceView.swift */ = {isa = PBXFileReference; fileEncoding = 4; lastKnownFileType = sourcecode.swift; path = RtcSurfaceView.swift; sourceTree = "<group>"; };
		F53F01CE258718670085D67B /* MediaObserver.swift */ = {isa = PBXFileReference; fileEncoding = 4; lastKnownFileType = sourcecode.swift; path = MediaObserver.swift; sourceTree = "<group>"; };
		F53F01CF258718670085D67B /* Extensions.swift */ = {isa = PBXFileReference; fileEncoding = 4; lastKnownFileType = sourcecode.swift; path = Extensions.swift; sourceTree = "<group>"; };
		F53F01D0258718670085D67B /* RtcEngine.swift */ = {isa = PBXFileReference; fileEncoding = 4; lastKnownFileType = sourcecode.swift; path = RtcEngine.swift; sourceTree = "<group>"; };
		F53F01D1258718670085D67B /* BeanCovertor.swift */ = {isa = PBXFileReference; fileEncoding = 4; lastKnownFileType = sourcecode.swift; path = BeanCovertor.swift; sourceTree = "<group>"; };
		F53F01D2258718670085D67B /* RtcChannel.swift */ = {isa = PBXFileReference; fileEncoding = 4; lastKnownFileType = sourcecode.swift; path = RtcChannel.swift; sourceTree = "<group>"; };
		F53F01D4258718670085D67B /* Callback.swift */ = {isa = PBXFileReference; fileEncoding = 4; lastKnownFileType = sourcecode.swift; path = Callback.swift; sourceTree = "<group>"; };
		F53F01D5258718670085D67B /* RtcChannelEvent.swift */ = {isa = PBXFileReference; fileEncoding = 4; lastKnownFileType = sourcecode.swift; path = RtcChannelEvent.swift; sourceTree = "<group>"; };
		F53F01F7258719E30085D67B /* AgoraRtcUniPlugin-bridging-header.h */ = {isa = PBXFileReference; lastKnownFileType = sourcecode.c.h; path = "AgoraRtcUniPlugin-bridging-header.h"; sourceTree = "<group>"; };
		F53F024E2587398E0085D67B /* AgoraRtcEngineModule.h */ = {isa = PBXFileReference; lastKnownFileType = sourcecode.c.h; path = AgoraRtcEngineModule.h; sourceTree = "<group>"; };
		F53F025025873A1E0085D67B /* AgoraRtcEngineModule.m */ = {isa = PBXFileReference; lastKnownFileType = sourcecode.c.objc; path = AgoraRtcEngineModule.m; sourceTree = "<group>"; };
		F53F025225873B190085D67B /* AgoraRtcEngineModule.swift */ = {isa = PBXFileReference; lastKnownFileType = sourcecode.swift; path = AgoraRtcEngineModule.swift; sourceTree = "<group>"; };
		F53F0254258741C70085D67B /* UniCallback.swift */ = {isa = PBXFileReference; lastKnownFileType = sourcecode.swift; path = UniCallback.swift; sourceTree = "<group>"; };
		F53F026325878A5C0085D67B /* AgoraRtcEngineKit.h */ = {isa = PBXFileReference; fileEncoding = 4; lastKnownFileType = sourcecode.c.h; path = AgoraRtcEngineKit.h; sourceTree = "<group>"; };
		F53F026925879ACA0085D67B /* AgoraRtcChannelModule.h */ = {isa = PBXFileReference; lastKnownFileType = sourcecode.c.h; path = AgoraRtcChannelModule.h; sourceTree = "<group>"; };
		F53F026A25879ACA0085D67B /* AgoraRtcChannelModule.m */ = {isa = PBXFileReference; lastKnownFileType = sourcecode.c.objc; path = AgoraRtcChannelModule.m; sourceTree = "<group>"; };
		F53F026D25879B140085D67B /* AgoraRtcChannelModule.swift */ = {isa = PBXFileReference; lastKnownFileType = sourcecode.swift; path = AgoraRtcChannelModule.swift; sourceTree = "<group>"; };
		F53F026F2587B2B70085D67B /* AgoraRtcSurfaceView.swift */ = {isa = PBXFileReference; lastKnownFileType = sourcecode.swift; path = AgoraRtcSurfaceView.swift; sourceTree = "<group>"; };
		F5A40D42282D62F000052DB8 /* RtcEnginePlugin.h */ = {isa = PBXFileReference; fileEncoding = 4; lastKnownFileType = sourcecode.c.h; path = RtcEnginePlugin.h; sourceTree = "<group>"; };
		F5A40D43282D62F000052DB8 /* RtcEnginePluginRegistrant.swift */ = {isa = PBXFileReference; fileEncoding = 4; lastKnownFileType = sourcecode.swift; path = RtcEnginePluginRegistrant.swift; sourceTree = "<group>"; };
		F5A40D44282D62F000052DB8 /* RtcEngineRegistry.swift */ = {isa = PBXFileReference; fileEncoding = 4; lastKnownFileType = sourcecode.swift; path = RtcEngineRegistry.swift; sourceTree = "<group>"; };
/* End PBXFileReference section */

/* Begin PBXFrameworksBuildPhase section */
		F53F018B258716C60085D67B /* Frameworks */ = {
			isa = PBXFrameworksBuildPhase;
			buildActionMask = 2147483647;
			files = (
			);
			runOnlyForDeploymentPostprocessing = 0;
		};
/* End PBXFrameworksBuildPhase section */

/* Begin PBXGroup section */
		F53F0184258716C60085D67B = {
			isa = PBXGroup;
			children = (
				F53F0190258716C60085D67B /* AgoraRtcUniPlugin */,
				F53F018F258716C60085D67B /* Products */,
			);
			sourceTree = "<group>";
		};
		F53F018F258716C60085D67B /* Products */ = {
			isa = PBXGroup;
			children = (
				F53F018E258716C60085D67B /* AgoraRtcUniPlugin.framework */,
			);
			name = Products;
			sourceTree = "<group>";
		};
		F53F0190258716C60085D67B /* AgoraRtcUniPlugin */ = {
			isa = PBXGroup;
			children = (
				F53F01CB258718670085D67B /* Base */,
				F53F01E1258718750085D67B /* Uni */,
				F53F0192258716C60085D67B /* Info.plist */,
			);
			path = AgoraRtcUniPlugin;
			sourceTree = "<group>";
		};
		F53F01CB258718670085D67B /* Base */ = {
			isa = PBXGroup;
			children = (
				F5A40D42282D62F000052DB8 /* RtcEnginePlugin.h */,
				F5A40D43282D62F000052DB8 /* RtcEnginePluginRegistrant.swift */,
				F5A40D44282D62F000052DB8 /* RtcEngineRegistry.swift */,
				F53F026325878A5C0085D67B /* AgoraRtcEngineKit.h */,
				F53F01CC258718670085D67B /* RtcEngineEvent.swift */,
				F53F01CD258718670085D67B /* RtcSurfaceView.swift */,
				F53F01CE258718670085D67B /* MediaObserver.swift */,
				F53F01CF258718670085D67B /* Extensions.swift */,
				F53F01D0258718670085D67B /* RtcEngine.swift */,
				F53F01D1258718670085D67B /* BeanCovertor.swift */,
				F53F01D2258718670085D67B /* RtcChannel.swift */,
				F53F01D4258718670085D67B /* Callback.swift */,
				F53F01D5258718670085D67B /* RtcChannelEvent.swift */,
			);
			path = Base;
			sourceTree = "<group>";
		};
		F53F01E1258718750085D67B /* Uni */ = {
			isa = PBXGroup;
			children = (
				F53F01F7258719E30085D67B /* AgoraRtcUniPlugin-bridging-header.h */,
				F53F024E2587398E0085D67B /* AgoraRtcEngineModule.h */,
				F53F025025873A1E0085D67B /* AgoraRtcEngineModule.m */,
				F53F025225873B190085D67B /* AgoraRtcEngineModule.swift */,
				F53F0254258741C70085D67B /* UniCallback.swift */,
				F53F026925879ACA0085D67B /* AgoraRtcChannelModule.h */,
				F53F026A25879ACA0085D67B /* AgoraRtcChannelModule.m */,
				F53F026D25879B140085D67B /* AgoraRtcChannelModule.swift */,
				F53F026F2587B2B70085D67B /* AgoraRtcSurfaceView.swift */,
			);
			path = Uni;
			sourceTree = "<group>";
		};
/* End PBXGroup section */

/* Begin PBXHeadersBuildPhase section */
		F53F0189258716C60085D67B /* Headers */ = {
			isa = PBXHeadersBuildPhase;
			buildActionMask = 2147483647;
			files = (
				F53F026425878A5C0085D67B /* AgoraRtcEngineKit.h in Headers */,
				F5A40D45282D62F000052DB8 /* RtcEnginePlugin.h in Headers */,
				F53F026B25879ACA0085D67B /* AgoraRtcChannelModule.h in Headers */,
				F53F024F2587398E0085D67B /* AgoraRtcEngineModule.h in Headers */,
			);
			runOnlyForDeploymentPostprocessing = 0;
		};
/* End PBXHeadersBuildPhase section */

/* Begin PBXNativeTarget section */
		F53F018D258716C60085D67B /* AgoraRtcUniPlugin */ = {
			isa = PBXNativeTarget;
			buildConfigurationList = F53F0196258716C60085D67B /* Build configuration list for PBXNativeTarget "AgoraRtcUniPlugin" */;
			buildPhases = (
				F53F0189258716C60085D67B /* Headers */,
				F53F018A258716C60085D67B /* Sources */,
				F53F018B258716C60085D67B /* Frameworks */,
				F53F018C258716C60085D67B /* Resources */,
			);
			buildRules = (
			);
			dependencies = (
			);
			name = AgoraRtcUniPlugin;
			productName = AgoraRtcUniPlugin;
			productReference = F53F018E258716C60085D67B /* AgoraRtcUniPlugin.framework */;
			productType = "com.apple.product-type.framework";
		};
/* End PBXNativeTarget section */

/* Begin PBXProject section */
		F53F0185258716C60085D67B /* Project object */ = {
			isa = PBXProject;
			attributes = {
				LastUpgradeCheck = 1220;
				TargetAttributes = {
					F53F018D258716C60085D67B = {
						CreatedOnToolsVersion = 12.2;
						LastSwiftMigration = 1220;
					};
				};
			};
			buildConfigurationList = F53F0188258716C60085D67B /* Build configuration list for PBXProject "AgoraRtcUniPlugin" */;
			compatibilityVersion = "Xcode 9.3";
			developmentRegion = en;
			hasScannedForEncodings = 0;
			knownRegions = (
				en,
				Base,
			);
			mainGroup = F53F0184258716C60085D67B;
			productRefGroup = F53F018F258716C60085D67B /* Products */;
			projectDirPath = "";
			projectRoot = "";
			targets = (
				F53F018D258716C60085D67B /* AgoraRtcUniPlugin */,
			);
		};
/* End PBXProject section */

/* Begin PBXResourcesBuildPhase section */
		F53F018C258716C60085D67B /* Resources */ = {
			isa = PBXResourcesBuildPhase;
			buildActionMask = 2147483647;
			files = (
			);
			runOnlyForDeploymentPostprocessing = 0;
		};
/* End PBXResourcesBuildPhase section */

/* Begin PBXSourcesBuildPhase section */
		F53F018A258716C60085D67B /* Sources */ = {
			isa = PBXSourcesBuildPhase;
			buildActionMask = 2147483647;
			files = (
				F53F01D8258718670085D67B /* MediaObserver.swift in Sources */,
				F53F01D7258718670085D67B /* RtcSurfaceView.swift in Sources */,
				F5A40D47282D62F000052DB8 /* RtcEngineRegistry.swift in Sources */,
				F53F026C25879ACA0085D67B /* AgoraRtcChannelModule.m in Sources */,
				F53F01D6258718670085D67B /* RtcEngineEvent.swift in Sources */,
				F53F01D9258718670085D67B /* Extensions.swift in Sources */,
				F53F01DC258718670085D67B /* RtcChannel.swift in Sources */,
				F53F01DA258718670085D67B /* RtcEngine.swift in Sources */,
				F53F025125873A1E0085D67B /* AgoraRtcEngineModule.m in Sources */,
				F53F025325873B190085D67B /* AgoraRtcEngineModule.swift in Sources */,
				F53F01DF258718670085D67B /* RtcChannelEvent.swift in Sources */,
				F53F02702587B2B80085D67B /* AgoraRtcSurfaceView.swift in Sources */,
				F5A40D46282D62F000052DB8 /* RtcEnginePluginRegistrant.swift in Sources */,
				F53F0255258741C70085D67B /* UniCallback.swift in Sources */,
				F53F01DE258718670085D67B /* Callback.swift in Sources */,
				F53F026E25879B140085D67B /* AgoraRtcChannelModule.swift in Sources */,
				F53F01DB258718670085D67B /* BeanCovertor.swift in Sources */,
			);
			runOnlyForDeploymentPostprocessing = 0;
		};
/* End PBXSourcesBuildPhase section */

/* Begin XCBuildConfiguration section */
		F53F0194258716C60085D67B /* Debug */ = {
			isa = XCBuildConfiguration;
			buildSettings = {
				ALWAYS_SEARCH_USER_PATHS = NO;
				ARCHS = (
					"$(ARCHS_STANDARD)",
					x86_64,
				);
				CLANG_ANALYZER_NONNULL = YES;
				CLANG_ANALYZER_NUMBER_OBJECT_CONVERSION = YES_AGGRESSIVE;
				CLANG_CXX_LANGUAGE_STANDARD = "gnu++14";
				CLANG_CXX_LIBRARY = "libc++";
				CLANG_ENABLE_MODULES = YES;
				CLANG_ENABLE_OBJC_ARC = YES;
				CLANG_ENABLE_OBJC_WEAK = YES;
				CLANG_WARN_BLOCK_CAPTURE_AUTORELEASING = YES;
				CLANG_WARN_BOOL_CONVERSION = YES;
				CLANG_WARN_COMMA = YES;
				CLANG_WARN_CONSTANT_CONVERSION = YES;
				CLANG_WARN_DEPRECATED_OBJC_IMPLEMENTATIONS = YES;
				CLANG_WARN_DIRECT_OBJC_ISA_USAGE = YES_ERROR;
				CLANG_WARN_DOCUMENTATION_COMMENTS = YES;
				CLANG_WARN_EMPTY_BODY = YES;
				CLANG_WARN_ENUM_CONVERSION = YES;
				CLANG_WARN_INFINITE_RECURSION = YES;
				CLANG_WARN_INT_CONVERSION = YES;
				CLANG_WARN_NON_LITERAL_NULL_CONVERSION = YES;
				CLANG_WARN_OBJC_IMPLICIT_RETAIN_SELF = YES;
				CLANG_WARN_OBJC_LITERAL_CONVERSION = YES;
				CLANG_WARN_OBJC_ROOT_CLASS = YES_ERROR;
				CLANG_WARN_QUOTED_INCLUDE_IN_FRAMEWORK_HEADER = YES;
				CLANG_WARN_RANGE_LOOP_ANALYSIS = YES;
				CLANG_WARN_STRICT_PROTOTYPES = YES;
				CLANG_WARN_SUSPICIOUS_MOVE = YES;
				CLANG_WARN_UNGUARDED_AVAILABILITY = YES_AGGRESSIVE;
				CLANG_WARN_UNREACHABLE_CODE = YES;
				CLANG_WARN__DUPLICATE_METHOD_MATCH = YES;
				COPY_PHASE_STRIP = NO;
				CURRENT_PROJECT_VERSION = 1;
				DEBUG_INFORMATION_FORMAT = dwarf;
				ENABLE_STRICT_OBJC_MSGSEND = YES;
				ENABLE_TESTABILITY = YES;
				GCC_C_LANGUAGE_STANDARD = gnu11;
				GCC_DYNAMIC_NO_PIC = NO;
				GCC_NO_COMMON_BLOCKS = YES;
				GCC_OPTIMIZATION_LEVEL = 0;
				GCC_PREPROCESSOR_DEFINITIONS = (
					"DEBUG=1",
					"$(inherited)",
				);
				GCC_WARN_64_TO_32_BIT_CONVERSION = YES;
				GCC_WARN_ABOUT_RETURN_TYPE = YES_ERROR;
				GCC_WARN_UNDECLARED_SELECTOR = YES;
				GCC_WARN_UNINITIALIZED_AUTOS = YES_AGGRESSIVE;
				GCC_WARN_UNUSED_FUNCTION = YES;
				GCC_WARN_UNUSED_VARIABLE = YES;
				IPHONEOS_DEPLOYMENT_TARGET = 9.0;
				MTL_ENABLE_DEBUG_INFO = INCLUDE_SOURCE;
				MTL_FAST_MATH = YES;
				ONLY_ACTIVE_ARCH = YES;
				SDKROOT = iphoneos;
				VERSIONING_SYSTEM = "apple-generic";
				VERSION_INFO_PREFIX = "";
			};
			name = Debug;
		};
		F53F0195258716C60085D67B /* Release */ = {
			isa = XCBuildConfiguration;
			buildSettings = {
				ALWAYS_SEARCH_USER_PATHS = NO;
				ARCHS = (
					"$(ARCHS_STANDARD)",
					x86_64,
				);
				CLANG_ANALYZER_NONNULL = YES;
				CLANG_ANALYZER_NUMBER_OBJECT_CONVERSION = YES_AGGRESSIVE;
				CLANG_CXX_LANGUAGE_STANDARD = "gnu++14";
				CLANG_CXX_LIBRARY = "libc++";
				CLANG_ENABLE_MODULES = YES;
				CLANG_ENABLE_OBJC_ARC = YES;
				CLANG_ENABLE_OBJC_WEAK = YES;
				CLANG_WARN_BLOCK_CAPTURE_AUTORELEASING = YES;
				CLANG_WARN_BOOL_CONVERSION = YES;
				CLANG_WARN_COMMA = YES;
				CLANG_WARN_CONSTANT_CONVERSION = YES;
				CLANG_WARN_DEPRECATED_OBJC_IMPLEMENTATIONS = YES;
				CLANG_WARN_DIRECT_OBJC_ISA_USAGE = YES_ERROR;
				CLANG_WARN_DOCUMENTATION_COMMENTS = YES;
				CLANG_WARN_EMPTY_BODY = YES;
				CLANG_WARN_ENUM_CONVERSION = YES;
				CLANG_WARN_INFINITE_RECURSION = YES;
				CLANG_WARN_INT_CONVERSION = YES;
				CLANG_WARN_NON_LITERAL_NULL_CONVERSION = YES;
				CLANG_WARN_OBJC_IMPLICIT_RETAIN_SELF = YES;
				CLANG_WARN_OBJC_LITERAL_CONVERSION = YES;
				CLANG_WARN_OBJC_ROOT_CLASS = YES_ERROR;
				CLANG_WARN_QUOTED_INCLUDE_IN_FRAMEWORK_HEADER = YES;
				CLANG_WARN_RANGE_LOOP_ANALYSIS = YES;
				CLANG_WARN_STRICT_PROTOTYPES = YES;
				CLANG_WARN_SUSPICIOUS_MOVE = YES;
				CLANG_WARN_UNGUARDED_AVAILABILITY = YES_AGGRESSIVE;
				CLANG_WARN_UNREACHABLE_CODE = YES;
				CLANG_WARN__DUPLICATE_METHOD_MATCH = YES;
				COPY_PHASE_STRIP = NO;
				CURRENT_PROJECT_VERSION = 1;
				DEBUG_INFORMATION_FORMAT = "dwarf-with-dsym";
				ENABLE_NS_ASSERTIONS = NO;
				ENABLE_STRICT_OBJC_MSGSEND = YES;
				GCC_C_LANGUAGE_STANDARD = gnu11;
				GCC_NO_COMMON_BLOCKS = YES;
				GCC_WARN_64_TO_32_BIT_CONVERSION = YES;
				GCC_WARN_ABOUT_RETURN_TYPE = YES_ERROR;
				GCC_WARN_UNDECLARED_SELECTOR = YES;
				GCC_WARN_UNINITIALIZED_AUTOS = YES_AGGRESSIVE;
				GCC_WARN_UNUSED_FUNCTION = YES;
				GCC_WARN_UNUSED_VARIABLE = YES;
				IPHONEOS_DEPLOYMENT_TARGET = 9.0;
				MTL_ENABLE_DEBUG_INFO = NO;
				MTL_FAST_MATH = YES;
				SDKROOT = iphoneos;
				VALIDATE_PRODUCT = YES;
				VERSIONING_SYSTEM = "apple-generic";
				VERSION_INFO_PREFIX = "";
			};
			name = Release;
		};
		F53F0197258716C60085D67B /* Debug */ = {
			isa = XCBuildConfiguration;
			buildSettings = {
				ARCHS = "$(ARCHS_STANDARD)";
				CLANG_ENABLE_MODULES = YES;
				CODE_SIGN_STYLE = Automatic;
				DEFINES_MODULE = YES;
				DYLIB_COMPATIBILITY_VERSION = 1;
				DYLIB_CURRENT_VERSION = 1;
				DYLIB_INSTALL_NAME_BASE = "@rpath";
				EXCLUDED_ARCHS = "";
				FRAMEWORK_SEARCH_PATHS = (
					"$(inherited)",
					"$(PROJECT_DIR)/libs",
				);
				HEADER_SEARCH_PATHS = (
					"$(inherited)",
					"\"$(SRCROOT)/../../SDK/inc\"/**",
				);
				INFOPLIST_FILE = AgoraRtcUniPlugin/Info.plist;
				INSTALL_PATH = "$(LOCAL_LIBRARY_DIR)/Frameworks";
				LD_RUNPATH_SEARCH_PATHS = (
					"$(inherited)",
					"@executable_path/Frameworks",
					"@loader_path/Frameworks",
				);
				MACH_O_TYPE = staticlib;
				PRODUCT_BUNDLE_IDENTIFIER = io.agora.AgoraRtcUniPlugin;
				PRODUCT_NAME = "$(TARGET_NAME:c99extidentifier)";
				SKIP_INSTALL = YES;
				SUPPORTS_MACCATALYST = NO;
				SWIFT_OBJC_BRIDGING_HEADER = "AgoraRtcUniPlugin/Uni/AgoraRtcUniPlugin-bridging-header.h";
				SWIFT_OPTIMIZATION_LEVEL = "-Onone";
				SWIFT_VERSION = 5.0;
				TARGETED_DEVICE_FAMILY = "1,2";
				VALIDATE_WORKSPACE = YES;
			};
			name = Debug;
		};
		F53F0198258716C60085D67B /* Release */ = {
			isa = XCBuildConfiguration;
			buildSettings = {
				ARCHS = "$(ARCHS_STANDARD)";
				CLANG_ENABLE_MODULES = YES;
				CODE_SIGN_STYLE = Automatic;
				DEFINES_MODULE = YES;
				DYLIB_COMPATIBILITY_VERSION = 1;
				DYLIB_CURRENT_VERSION = 1;
				DYLIB_INSTALL_NAME_BASE = "@rpath";
				EXCLUDED_ARCHS = "";
				FRAMEWORK_SEARCH_PATHS = (
					"$(inherited)",
					"$(PROJECT_DIR)/libs",
				);
				HEADER_SEARCH_PATHS = (
					"$(inherited)",
					"\"$(SRCROOT)/../../SDK/inc\"/**",
				);
				INFOPLIST_FILE = AgoraRtcUniPlugin/Info.plist;
				INSTALL_PATH = "$(LOCAL_LIBRARY_DIR)/Frameworks";
				LD_RUNPATH_SEARCH_PATHS = (
					"$(inherited)",
					"@executable_path/Frameworks",
					"@loader_path/Frameworks",
				);
				MACH_O_TYPE = staticlib;
				PRODUCT_BUNDLE_IDENTIFIER = io.agora.AgoraRtcUniPlugin;
				PRODUCT_NAME = "$(TARGET_NAME:c99extidentifier)";
				SKIP_INSTALL = YES;
				SUPPORTS_MACCATALYST = NO;
				SWIFT_OBJC_BRIDGING_HEADER = "AgoraRtcUniPlugin/Uni/AgoraRtcUniPlugin-bridging-header.h";
				SWIFT_VERSION = 5.0;
				TARGETED_DEVICE_FAMILY = "1,2";
				VALIDATE_WORKSPACE = YES;
			};
			name = Release;
		};
/* End XCBuildConfiguration section */

/* Begin XCConfigurationList section */
		F53F0188258716C60085D67B /* Build configuration list for PBXProject "AgoraRtcUniPlugin" */ = {
			isa = XCConfigurationList;
			buildConfigurations = (
				F53F0194258716C60085D67B /* Debug */,
				F53F0195258716C60085D67B /* Release */,
			);
			defaultConfigurationIsVisible = 0;
			defaultConfigurationName = Release;
		};
		F53F0196258716C60085D67B /* Build configuration list for PBXNativeTarget "AgoraRtcUniPlugin" */ = {
			isa = XCConfigurationList;
			buildConfigurations = (
				F53F0197258716C60085D67B /* Debug */,
				F53F0198258716C60085D67B /* Release */,
			);
			defaultConfigurationIsVisible = 0;
			defaultConfigurationName = Release;
		};
/* End XCConfigurationList section */
	};
	rootObject = F53F0185258716C60085D67B /* Project object */;
}
